{
	"name": "@api-typed/app",
	"version": "0.1.0-alpha.9",
	"lockfileVersion": 2,
	"requires": true,
	"packages": {
		"": {
			"name": "@api-typed/app",
			"version": "0.1.0-alpha.9",
			"license": "MIT",
			"devDependencies": {
				"typedi": "*"
			},
			"peerDependencies": {
				"class-validator": "^0.12.0 || ^0.13.0",
				"typedi": "^0.8.0 || ^0.9.0 || ^0.10.0"
			}
		},
		"node_modules/@types/validator": {
			"version": "13.1.3",
			"license": "MIT",
			"peer": true
		},
		"node_modules/class-validator": {
			"version": "0.13.1",
			"license": "MIT",
			"peer": true,
			"dependencies": {
				"@types/validator": "^13.1.3",
				"libphonenumber-js": "^1.9.7",
				"validator": "^13.5.2"
			}
		},
		"node_modules/libphonenumber-js": {
			"version": "1.9.16",
			"license": "MIT",
			"peer": true
		},
		"node_modules/typedi": {
			"version": "0.8.0",
			"resolved": "https://registry.npmjs.org/typedi/-/typedi-0.8.0.tgz",
			"integrity": "sha512-/c7Bxnm6eh5kXx2I+mTuO+2OvoWni5+rXA3PhXwVWCtJRYmz3hMok5s1AKLzoDvNAZqj/Q/acGstN0ri5aQoOA==",
			"dev": true,
			"license": "MIT"
		},
		"node_modules/validator": {
			"version": "13.5.2",
			"license": "MIT",
			"peer": true,
			"engines": {
				"node": ">= 0.10"
			}
		}
	},
	"dependencies": {
		"@types/validator": {
			"version": "13.1.3",
			"peer": true
		},
		"class-validator": {
			"version": "0.13.1",
			"peer": true,
			"requires": {
				"@types/validator": "^13.1.3",
				"libphonenumber-js": "^1.9.7",
				"validator": "^13.5.2"
			}
		},
		"libphonenumber-js": {
			"version": "1.9.16",
			"peer": true
		},
		"typedi": {
			"version": "0.8.0",
			"resolved": "https://registry.npmjs.org/typedi/-/typedi-0.8.0.tgz",
			"integrity": "sha512-/c7Bxnm6eh5kXx2I+mTuO+2OvoWni5+rXA3PhXwVWCtJRYmz3hMok5s1AKLzoDvNAZqj/Q/acGstN0ri5aQoOA==",
			"dev": true
		},
		"validator": {
			"version": "13.5.2",
			"peer": true
		}
	}
}
